
Microsoft Visual Studio Solution File, Format Version 12.00
# Visual Studio Version 16
VisualStudioVersion = 16.0.30523.141
MinimumVisualStudioVersion = 10.0.40219.1
Project("{9A19103F-16F7-4668-BE54-9A1E7A4F7556}") = "TheGameNet", "TheGameNet\TheGameNet.csproj", "{2899FB88-50B0-42E5-8E76-762053CA5A40}"
EndProject
Project("{9A19103F-16F7-4668-BE54-9A1E7A4F7556}") = "BonesLib", "BonesLib\BonesLib.csproj", "{58FC7125-5502-4B1F-8A8D-4A134A70F956}"
EndProject
Global
	GlobalSection(SolutionConfigurationPlatforms) = preSolution
		Debug|Any CPU = Debug|Any CPU
		Release|Any CPU = Release|Any CPU
	EndGlobalSection
	GlobalSection(ProjectConfigurationPlatforms) = postSolution
		{2899FB88-50B0-42E5-8E76-762053CA5A40}.Debug|Any CPU.ActiveCfg = Debug|Any CPU
		{2899FB88-50B0-42E5-8E76-762053CA5A40}.Debug|Any CPU.Build.0 = Debug|Any CPU
		{2899FB88-50B0-42E5-8E76-762053CA5A40}.Release|Any CPU.ActiveCfg = Release|Any CPU
		{2899FB88-50B0-42E5-8E76-762053CA5A40}.Release|Any CPU.Build.0 = Release|Any CPU
		{58FC7125-5502-4B1F-8A8D-4A134A70F956}.Debug|Any CPU.ActiveCfg = Debug|Any CPU
		{58FC7125-5502-4B1F-8A8D-4A134A70F956}.Debug|Any CPU.Build.0 = Debug|Any CPU
		{58FC7125-5502-4B1F-8A8D-4A134A70F956}.Release|Any CPU.ActiveCfg = Release|Any CPU
		{58FC7125-5502-4B1F-8A8D-4A134A70F956}.Release|Any CPU.Build.0 = Release|Any CPU
	EndGlobalSection
	GlobalSection(SolutionProperties) = preSolution
		HideSolutionNode = FALSE
	EndGlobalSection
	GlobalSection(ExtensibilityGlobals) = postSolution
		SolutionGuid = {691F534C-5A01-4540-B524-0ABC2E038236}
	EndGlobalSection
EndGlobal
